
Microsoft Visual Studio Solution File, Format Version 12.00
# Visual Studio Version 17
VisualStudioVersion = 17.3.32804.467
MinimumVisualStudioVersion = 10.0.40219.1
Project("{FAE04EC0-301F-11D3-BF4B-00C04F79EFBC}") = "Rebasing", "Rebasing\Rebasing.csproj", "{D0BF50E4-646B-41E7-8BBC-36B5FADD573F}"
EndProject
Global
	GlobalSection(SolutionConfigurationPlatforms) = preSolution
		Debug|Any CPU = Debug|Any CPU
		Release|Any CPU = Release|Any CPU
	EndGlobalSection
	GlobalSection(ProjectConfigurationPlatforms) = postSolution
		{D0BF50E4-646B-41E7-8BBC-36B5FADD573F}.Debug|Any CPU.ActiveCfg = Debug|Any CPU
		{D0BF50E4-646B-41E7-8BBC-36B5FADD573F}.Debug|Any CPU.Build.0 = Debug|Any CPU
		{D0BF50E4-646B-41E7-8BBC-36B5FADD573F}.Release|Any CPU.ActiveCfg = Release|Any CPU
		{D0BF50E4-646B-41E7-8BBC-36B5FADD573F}.Release|Any CPU.Build.0 = Release|Any CPU
	EndGlobalSection
	GlobalSection(SolutionProperties) = preSolution
		HideSolutionNode = FALSE
	EndGlobalSection
	GlobalSection(ExtensibilityGlobals) = postSolution
		SolutionGuid = {A2C3724C-636B-4217-A582-B79BD97DA427}
	EndGlobalSection
EndGlobal
